
Microsoft Visual Studio Solution File, Format Version 12.00
# Visual Studio 15
VisualStudioVersion = 15.0.28307.489
MinimumVisualStudioVersion = 10.0.40219.1
Project("{FAE04EC0-301F-11D3-BF4B-00C04F79EFBC}") = "KInvRelease", "KInvRelease\KInvRelease.csproj", "{002D8A7E-F93A-4169-947D-A9EFD4F98011}"
EndProject
Global
	GlobalSection(SolutionConfigurationPlatforms) = preSolution
		Debug|Any CPU = Debug|Any CPU
		Release|Any CPU = Release|Any CPU
	EndGlobalSection
	GlobalSection(ProjectConfigurationPlatforms) = postSolution
		{002D8A7E-F93A-4169-947D-A9EFD4F98011}.Debug|Any CPU.ActiveCfg = Debug|Any CPU
		{002D8A7E-F93A-4169-947D-A9EFD4F98011}.Debug|Any CPU.Build.0 = Debug|Any CPU
		{002D8A7E-F93A-4169-947D-A9EFD4F98011}.Release|Any CPU.ActiveCfg = Release|Any CPU
		{002D8A7E-F93A-4169-947D-A9EFD4F98011}.Release|Any CPU.Build.0 = Release|Any CPU
	EndGlobalSection
	GlobalSection(SolutionProperties) = preSolution
		HideSolutionNode = FALSE
	EndGlobalSection
	GlobalSection(ExtensibilityGlobals) = postSolution
		SolutionGuid = {9DC7E7D6-EF8E-4E37-865D-C2074198FF15}
	EndGlobalSection
EndGlobal
